
Microsoft Visual Studio Solution File, Format Version 12.00
# Visual Studio 2012
Project("{FAE04EC0-301F-11D3-BF4B-00C04F79EFBC}") = "Smarts.Api", "Smarts.Api\Smarts.Api.csproj", "{3426F9BF-CACA-47D5-9319-C20DD4C3365C}"
EndProject
Project("{FAE04EC0-301F-11D3-BF4B-00C04F79EFBC}") = "Smarts.Api.Tests", "Smarts.Api.Tests\Smarts.Api.Tests.csproj", "{B11DBBBC-CE19-4F5E-B6B9-14499A19FD56}"
EndProject
Project("{FAE04EC0-301F-11D3-BF4B-00C04F79EFBC}") = "Smarts.Web", "Smarts.Web\Smarts.Web.csproj", "{CA0956B7-3528-4741-B17B-7CEB8B3B3273}"
EndProject
Global
	GlobalSection(SolutionConfigurationPlatforms) = preSolution
		Debug|Any CPU = Debug|Any CPU
		Release|Any CPU = Release|Any CPU
	EndGlobalSection
	GlobalSection(ProjectConfigurationPlatforms) = postSolution
		{3426F9BF-CACA-47D5-9319-C20DD4C3365C}.Debug|Any CPU.ActiveCfg = Debug|Any CPU
		{3426F9BF-CACA-47D5-9319-C20DD4C3365C}.Debug|Any CPU.Build.0 = Debug|Any CPU
		{3426F9BF-CACA-47D5-9319-C20DD4C3365C}.Release|Any CPU.ActiveCfg = Release|Any CPU
		{3426F9BF-CACA-47D5-9319-C20DD4C3365C}.Release|Any CPU.Build.0 = Release|Any CPU
		{B11DBBBC-CE19-4F5E-B6B9-14499A19FD56}.Debug|Any CPU.ActiveCfg = Debug|Any CPU
		{B11DBBBC-CE19-4F5E-B6B9-14499A19FD56}.Debug|Any CPU.Build.0 = Debug|Any CPU
		{B11DBBBC-CE19-4F5E-B6B9-14499A19FD56}.Release|Any CPU.ActiveCfg = Release|Any CPU
		{B11DBBBC-CE19-4F5E-B6B9-14499A19FD56}.Release|Any CPU.Build.0 = Release|Any CPU
		{CA0956B7-3528-4741-B17B-7CEB8B3B3273}.Debug|Any CPU.ActiveCfg = Debug|Any CPU
		{CA0956B7-3528-4741-B17B-7CEB8B3B3273}.Debug|Any CPU.Build.0 = Debug|Any CPU
		{CA0956B7-3528-4741-B17B-7CEB8B3B3273}.Release|Any CPU.ActiveCfg = Release|Any CPU
		{CA0956B7-3528-4741-B17B-7CEB8B3B3273}.Release|Any CPU.Build.0 = Release|Any CPU
	EndGlobalSection
	GlobalSection(SolutionProperties) = preSolution
		HideSolutionNode = FALSE
	EndGlobalSection
EndGlobal
